<Solution>
  <Folder Name="/common/">
    <Project Path="Common/Common.csproj" Id="a84195fa-444b-44a1-a84e-5297a7a0b9d6" />
    <Project Path="Contracts/Contracts.csproj" Id="4405aa6e-fd97-423c-be3e-84289c8f8911" />
    <Project Path="Reputation/Reputation.csproj" Id="1f79fe89-c42c-4299-8403-6b1b6666974b" />
  </Folder>
  <Folder Name="/infra/">
    <File Path="infra/.env" />
    <File Path="infra/.env.Production" />
    <File Path="infra/docker-compose.yaml" />
  </Folder>
  <Folder Name="/services/">
    <Project Path="ProfileService/ProfileService.csproj" />
    <Project Path="QuestionService/QuestionService.csproj" />
    <Project Path="SearchService/SearchService.csproj" />
    <Project Path="StatsService/StatsService.csproj" />
    <Project Path="VoteService/VoteService.csproj" />
  </Folder>
  <Project Path="Overflow.AppHost/Overflow.AppHost.csproj" />
  <Project Path="Overflow.ServiceDefaults/Overflow.ServiceDefaults.csproj" />
  <Project Path="webapp/" Type="Website" DisplayName="webapp">
    <BuildType Project="Debug" />
    <Properties Name="WebsiteProperties">
      <Property Name="Debug.AspNetCompiler.Debug" Value="&quot;True&quot;" />
      <Property Name="Debug.AspNetCompiler.FixedNames" Value="&quot;false&quot;" />
      <Property Name="Debug.AspNetCompiler.ForceOverwrite" Value="&quot;true&quot;" />
      <Property Name="Debug.AspNetCompiler.PhysicalPath" Value="&quot;webapp\&quot;" />
      <Property Name="Debug.AspNetCompiler.TargetPath" Value="&quot;PrecompiledWeb\localhost_63959\&quot;" />
      <Property Name="Debug.AspNetCompiler.Updateable" Value="&quot;true&quot;" />
      <Property Name="Debug.AspNetCompiler.VirtualPath" Value="&quot;/localhost_63959&quot;" />
      <Property Name="Release.AspNetCompiler.Debug" Value="&quot;False&quot;" />
      <Property Name="Release.AspNetCompiler.FixedNames" Value="&quot;false&quot;" />
      <Property Name="Release.AspNetCompiler.ForceOverwrite" Value="&quot;true&quot;" />
      <Property Name="Release.AspNetCompiler.PhysicalPath" Value="&quot;webapp\&quot;" />
      <Property Name="Release.AspNetCompiler.TargetPath" Value="&quot;PrecompiledWeb\localhost_63959\&quot;" />
      <Property Name="Release.AspNetCompiler.Updateable" Value="&quot;true&quot;" />
      <Property Name="Release.AspNetCompiler.VirtualPath" Value="&quot;/localhost_63959&quot;" />
      <Property Name="TargetFrameworkMoniker" Value="&quot;.NETFramework,Version%3Dv4.0&quot;" />
      <Property Name="VWDPort" Value="&quot;63959&quot;" />
    </Properties>
  </Project>
</Solution>
